
Microsoft Visual Studio Solution File, Format Version 12.00
# Visual Studio 15
Project("{FAE04EC0-301F-11D3-BF4B-00C04F79EFBC}") = "Assembly-CSharp", "Assembly-CSharp.csproj", "{1E36F31E-210F-8926-61EB-B31E3F17CB3C}"
EndProject
Project("{FAE04EC0-301F-11D3-BF4B-00C04F79EFBC}") = "Assembly-CSharp-firstpass", "Assembly-CSharp-firstpass.csproj", "{294EEB8D-42EB-6FBA-6AF7-1441C7E6DBB0}"
EndProject
Project("{FAE04EC0-301F-11D3-BF4B-00C04F79EFBC}") = "Assembly-CSharp-Editor-firstpass", "Assembly-CSharp-Editor-firstpass.csproj", "{419254F3-8CA9-2AEB-669F-3577DED446FE}"
EndProject
Global
	GlobalSection(SolutionConfigurationPlatforms) = preSolution
		Debug|Any CPU = Debug|Any CPU
		Release|Any CPU = Release|Any CPU
	EndGlobalSection
	GlobalSection(ProjectConfigurationPlatforms) = postSolution
		{1E36F31E-210F-8926-61EB-B31E3F17CB3C}.Debug|Any CPU.ActiveCfg = Debug|Any CPU
		{1E36F31E-210F-8926-61EB-B31E3F17CB3C}.Debug|Any CPU.Build.0 = Debug|Any CPU
		{1E36F31E-210F-8926-61EB-B31E3F17CB3C}.Release|Any CPU.ActiveCfg = Release|Any CPU
		{1E36F31E-210F-8926-61EB-B31E3F17CB3C}.Release|Any CPU.Build.0 = Release|Any CPU
		{294EEB8D-42EB-6FBA-6AF7-1441C7E6DBB0}.Debug|Any CPU.ActiveCfg = Debug|Any CPU
		{294EEB8D-42EB-6FBA-6AF7-1441C7E6DBB0}.Debug|Any CPU.Build.0 = Debug|Any CPU
		{294EEB8D-42EB-6FBA-6AF7-1441C7E6DBB0}.Release|Any CPU.ActiveCfg = Release|Any CPU
		{294EEB8D-42EB-6FBA-6AF7-1441C7E6DBB0}.Release|Any CPU.Build.0 = Release|Any CPU
		{419254F3-8CA9-2AEB-669F-3577DED446FE}.Debug|Any CPU.ActiveCfg = Debug|Any CPU
		{419254F3-8CA9-2AEB-669F-3577DED446FE}.Debug|Any CPU.Build.0 = Debug|Any CPU
		{419254F3-8CA9-2AEB-669F-3577DED446FE}.Release|Any CPU.ActiveCfg = Release|Any CPU
		{419254F3-8CA9-2AEB-669F-3577DED446FE}.Release|Any CPU.Build.0 = Release|Any CPU
	EndGlobalSection
	GlobalSection(SolutionProperties) = preSolution
		HideSolutionNode = FALSE
	EndGlobalSection
EndGlobal
